// !$*UTF8*$!
{
	archiveVersion = 1;
	classes = {
	};
	objectVersion = 55;
	objects = {

/* Begin PBXBuildFile section */
		201618772823F0C100250C45 /* TodoFormViewModel.swift in Sources */ = {isa = PBXBuildFile; fileRef = 201618762823F0C100250C45 /* TodoFormViewModel.swift */; };
		201618792823F32C00250C45 /* TodoFormView.swift in Sources */ = {isa = PBXBuildFile; fileRef = 201618782823F32C00250C45 /* TodoFormView.swift */; };
		2016187B2823F83900250C45 /* ModelType.swift in Sources */ = {isa = PBXBuildFile; fileRef = 2016187A2823F83900250C45 /* ModelType.swift */; };
		203410AF2823C93900AC7477 /* swiftTodoApp.swift in Sources */ = {isa = PBXBuildFile; fileRef = 203410AE2823C93900AC7477 /* swiftTodoApp.swift */; };
		203410B12823C93900AC7477 /* ContentView.swift in Sources */ = {isa = PBXBuildFile; fileRef = 203410B02823C93900AC7477 /* ContentView.swift */; };
		203410B32823C93A00AC7477 /* Assets.xcassets in Resources */ = {isa = PBXBuildFile; fileRef = 203410B22823C93A00AC7477 /* Assets.xcassets */; };
		203410B62823C93A00AC7477 /* Preview Assets.xcassets in Resources */ = {isa = PBXBuildFile; fileRef = 203410B52823C93A00AC7477 /* Preview Assets.xcassets */; };
		203410BD2823CB2900AC7477 /* TodoModel.swift in Sources */ = {isa = PBXBuildFile; fileRef = 203410BC2823CB2900AC7477 /* TodoModel.swift */; };
		203410BF2823CCC900AC7477 /* TodoDataStore.swift in Sources */ = {isa = PBXBuildFile; fileRef = 203410BE2823CCC900AC7477 /* TodoDataStore.swift */; };
		20B849662824232D00D7F74C /* FileManager+Extension.swift in Sources */ = {isa = PBXBuildFile; fileRef = 20B849652824232D00D7F74C /* FileManager+Extension.swift */; };
/* End PBXBuildFile section */

/* Begin PBXFileReference section */
		201618762823F0C100250C45 /* TodoFormViewModel.swift */ = {isa = PBXFileReference; lastKnownFileType = sourcecode.swift; path = TodoFormViewModel.swift; sourceTree = "<group>"; };
		201618782823F32C00250C45 /* TodoFormView.swift */ = {isa = PBXFileReference; lastKnownFileType = sourcecode.swift; path = TodoFormView.swift; sourceTree = "<group>"; };
		2016187A2823F83900250C45 /* ModelType.swift */ = {isa = PBXFileReference; lastKnownFileType = sourcecode.swift; path = ModelType.swift; sourceTree = "<group>"; };
		203410AB2823C93900AC7477 /* swiftTodo.app */ = {isa = PBXFileReference; explicitFileType = wrapper.application; includeInIndex = 0; path = swiftTodo.app; sourceTree = BUILT_PRODUCTS_DIR; };
		203410AE2823C93900AC7477 /* swiftTodoApp.swift */ = {isa = PBXFileReference; lastKnownFileType = sourcecode.swift; path = swiftTodoApp.swift; sourceTree = "<group>"; };
		203410B02823C93900AC7477 /* ContentView.swift */ = {isa = PBXFileReference; lastKnownFileType = sourcecode.swift; path = ContentView.swift; sourceTree = "<group>"; };
		203410B22823C93A00AC7477 /* Assets.xcassets */ = {isa = PBXFileReference; lastKnownFileType = folder.assetcatalog; path = Assets.xcassets; sourceTree = "<group>"; };
		203410B52823C93A00AC7477 /* Preview Assets.xcassets */ = {isa = PBXFileReference; lastKnownFileType = folder.assetcatalog; path = "Preview Assets.xcassets"; sourceTree = "<group>"; };
		203410BC2823CB2900AC7477 /* TodoModel.swift */ = {isa = PBXFileReference; lastKnownFileType = sourcecode.swift; path = TodoModel.swift; sourceTree = "<group>"; };
		203410BE2823CCC900AC7477 /* TodoDataStore.swift */ = {isa = PBXFileReference; lastKnownFileType = sourcecode.swift; path = TodoDataStore.swift; sourceTree = "<group>"; };
		20B849652824232D00D7F74C /* FileManager+Extension.swift */ = {isa = PBXFileReference; lastKnownFileType = sourcecode.swift; path = "FileManager+Extension.swift"; sourceTree = "<group>"; };
/* End PBXFileReference section */

/* Begin PBXFrameworksBuildPhase section */
		203410A82823C93900AC7477 /* Frameworks */ = {
			isa = PBXFrameworksBuildPhase;
			buildActionMask = 2147483647;
			files = (
			);
			runOnlyForDeploymentPostprocessing = 0;
		};
/* End PBXFrameworksBuildPhase section */

/* Begin PBXGroup section */
		203410A22823C93900AC7477 = {
			isa = PBXGroup;
			children = (
				203410AD2823C93900AC7477 /* swiftTodo */,
				203410AC2823C93900AC7477 /* Products */,
			);
			sourceTree = "<group>";
		};
		203410AC2823C93900AC7477 /* Products */ = {
			isa = PBXGroup;
			children = (
				203410AB2823C93900AC7477 /* swiftTodo.app */,
			);
			name = Products;
			sourceTree = "<group>";
		};
		203410AD2823C93900AC7477 /* swiftTodo */ = {
			isa = PBXGroup;
			children = (
				20B849642824231C00D7F74C /* Extension */,
				203410AE2823C93900AC7477 /* swiftTodoApp.swift */,
				20B84963282422A200D7F74C /* ViewModel */,
				20B849622824229A00D7F74C /* Model */,
				20B849612824229300D7F74C /* View */,
				203410B22823C93A00AC7477 /* Assets.xcassets */,
				203410B42823C93A00AC7477 /* Preview Content */,
			);
			path = swiftTodo;
			sourceTree = "<group>";
		};
		203410B42823C93A00AC7477 /* Preview Content */ = {
			isa = PBXGroup;
			children = (
				203410B52823C93A00AC7477 /* Preview Assets.xcassets */,
			);
			path = "Preview Content";
			sourceTree = "<group>";
		};
		20B849612824229300D7F74C /* View */ = {
			isa = PBXGroup;
			children = (
				203410B02823C93900AC7477 /* ContentView.swift */,
				201618782823F32C00250C45 /* TodoFormView.swift */,
			);
			path = View;
			sourceTree = "<group>";
		};
		20B849622824229A00D7F74C /* Model */ = {
			isa = PBXGroup;
			children = (
				203410BC2823CB2900AC7477 /* TodoModel.swift */,
				2016187A2823F83900250C45 /* ModelType.swift */,
			);
			path = Model;
			sourceTree = "<group>";
		};
		20B84963282422A200D7F74C /* ViewModel */ = {
			isa = PBXGroup;
			children = (
				203410BE2823CCC900AC7477 /* TodoDataStore.swift */,
				201618762823F0C100250C45 /* TodoFormViewModel.swift */,
			);
			path = ViewModel;
			sourceTree = "<group>";
		};
		20B849642824231C00D7F74C /* Extension */ = {
			isa = PBXGroup;
			children = (
				20B849652824232D00D7F74C /* FileManager+Extension.swift */,
			);
			path = Extension;
			sourceTree = "<group>";
		};
/* End PBXGroup section */

/* Begin PBXNativeTarget section */
		203410AA2823C93900AC7477 /* swiftTodo */ = {
			isa = PBXNativeTarget;
			buildConfigurationList = 203410B92823C93A00AC7477 /* Build configuration list for PBXNativeTarget "swiftTodo" */;
			buildPhases = (
				203410A72823C93900AC7477 /* Sources */,
				203410A82823C93900AC7477 /* Frameworks */,
				203410A92823C93900AC7477 /* Resources */,
			);
			buildRules = (
			);
			dependencies = (
			);
			name = swiftTodo;
			productName = swiftTodo;
			productReference = 203410AB2823C93900AC7477 /* swiftTodo.app */;
			productType = "com.apple.product-type.application";
		};
/* End PBXNativeTarget section */

/* Begin PBXProject section */
		203410A32823C93900AC7477 /* Project object */ = {
			isa = PBXProject;
			attributes = {
				BuildIndependentTargetsInParallel = 1;
				LastSwiftUpdateCheck = 1300;
				LastUpgradeCheck = 1300;
				TargetAttributes = {
					203410AA2823C93900AC7477 = {
						CreatedOnToolsVersion = 13.0;
					};
				};
			};
			buildConfigurationList = 203410A62823C93900AC7477 /* Build configuration list for PBXProject "swiftTodo" */;
			compatibilityVersion = "Xcode 13.0";
			developmentRegion = en;
			hasScannedForEncodings = 0;
			knownRegions = (
				en,
				Base,
			);
			mainGroup = 203410A22823C93900AC7477;
			productRefGroup = 203410AC2823C93900AC7477 /* Products */;
			projectDirPath = "";
			projectRoot = "";
			targets = (
				203410AA2823C93900AC7477 /* swiftTodo */,
			);
		};
/* End PBXProject section */

/* Begin PBXResourcesBuildPhase section */
		203410A92823C93900AC7477 /* Resources */ = {
			isa = PBXResourcesBuildPhase;
			buildActionMask = 2147483647;
			files = (
				203410B62823C93A00AC7477 /* Preview Assets.xcassets in Resources */,
				203410B32823C93A00AC7477 /* Assets.xcassets in Resources */,
			);
			runOnlyForDeploymentPostprocessing = 0;
		};
/* End PBXResourcesBuildPhase section */

/* Begin PBXSourcesBuildPhase section */
		203410A72823C93900AC7477 /* Sources */ = {
			isa = PBXSourcesBuildPhase;
			buildActionMask = 2147483647;
			files = (
				203410BD2823CB2900AC7477 /* TodoModel.swift in Sources */,
				20B849662824232D00D7F74C /* FileManager+Extension.swift in Sources */,
				203410B12823C93900AC7477 /* ContentView.swift in Sources */,
				201618792823F32C00250C45 /* TodoFormView.swift in Sources */,
				203410AF2823C93900AC7477 /* swiftTodoApp.swift in Sources */,
				2016187B2823F83900250C45 /* ModelType.swift in Sources */,
				201618772823F0C100250C45 /* TodoFormViewModel.swift in Sources */,
				203410BF2823CCC900AC7477 /* TodoDataStore.swift in Sources */,
			);
			runOnlyForDeploymentPostprocessing = 0;
		};
/* End PBXSourcesBuildPhase section */

/* Begin XCBuildConfiguration section */
		203410B72823C93A00AC7477 /* Debug */ = {
			isa = XCBuildConfiguration;
			buildSettings = {
				ALWAYS_SEARCH_USER_PATHS = NO;
				CLANG_ANALYZER_NONNULL = YES;
				CLANG_ANALYZER_NUMBER_OBJECT_CONVERSION = YES_AGGRESSIVE;
				CLANG_CXX_LANGUAGE_STANDARD = "gnu++17";
				CLANG_CXX_LIBRARY = "libc++";
				CLANG_ENABLE_MODULES = YES;
				CLANG_ENABLE_OBJC_ARC = YES;
				CLANG_ENABLE_OBJC_WEAK = YES;
				CLANG_WARN_BLOCK_CAPTURE_AUTORELEASING = YES;
				CLANG_WARN_BOOL_CONVERSION = YES;
				CLANG_WARN_COMMA = YES;
				CLANG_WARN_CONSTANT_CONVERSION = YES;
				CLANG_WARN_DEPRECATED_OBJC_IMPLEMENTATIONS = YES;
				CLANG_WARN_DIRECT_OBJC_ISA_USAGE = YES_ERROR;
				CLANG_WARN_DOCUMENTATION_COMMENTS = YES;
				CLANG_WARN_EMPTY_BODY = YES;
				CLANG_WARN_ENUM_CONVERSION = YES;
				CLANG_WARN_INFINITE_RECURSION = YES;
				CLANG_WARN_INT_CONVERSION = YES;
				CLANG_WARN_NON_LITERAL_NULL_CONVERSION = YES;
				CLANG_WARN_OBJC_IMPLICIT_RETAIN_SELF = YES;
				CLANG_WARN_OBJC_LITERAL_CONVERSION = YES;
				CLANG_WARN_OBJC_ROOT_CLASS = YES_ERROR;
				CLANG_WARN_QUOTED_INCLUDE_IN_FRAMEWORK_HEADER = YES;
				CLANG_WARN_RANGE_LOOP_ANALYSIS = YES;
				CLANG_WARN_STRICT_PROTOTYPES = YES;
				CLANG_WARN_SUSPICIOUS_MOVE = YES;
				CLANG_WARN_UNGUARDED_AVAILABILITY = YES_AGGRESSIVE;
				CLANG_WARN_UNREACHABLE_CODE = YES;
				CLANG_WARN__DUPLICATE_METHOD_MATCH = YES;
				COPY_PHASE_STRIP = NO;
				DEBUG_INFORMATION_FORMAT = dwarf;
				ENABLE_STRICT_OBJC_MSGSEND = YES;
				ENABLE_TESTABILITY = YES;
				GCC_C_LANGUAGE_STANDARD = gnu11;
				GCC_DYNAMIC_NO_PIC = NO;
				GCC_NO_COMMON_BLOCKS = YES;
				GCC_OPTIMIZATION_LEVEL = 0;
				GCC_PREPROCESSOR_DEFINITIONS = (
					"DEBUG=1",
					"$(inherited)",
				);
				GCC_WARN_64_TO_32_BIT_CONVERSION = YES;
				GCC_WARN_ABOUT_RETURN_TYPE = YES_ERROR;
				GCC_WARN_UNDECLARED_SELECTOR = YES;
				GCC_WARN_UNINITIALIZED_AUTOS = YES_AGGRESSIVE;
				GCC_WARN_UNUSED_FUNCTION = YES;
				GCC_WARN_UNUSED_VARIABLE = YES;
				IPHONEOS_DEPLOYMENT_TARGET = 15.0;
				MTL_ENABLE_DEBUG_INFO = INCLUDE_SOURCE;
				MTL_FAST_MATH = YES;
				ONLY_ACTIVE_ARCH = YES;
				SDKROOT = iphoneos;
				SWIFT_ACTIVE_COMPILATION_CONDITIONS = DEBUG;
				SWIFT_OPTIMIZATION_LEVEL = "-Onone";
			};
			name = Debug;
		};
		203410B82823C93A00AC7477 /* Release */ = {
			isa = XCBuildConfiguration;
			buildSettings = {
				ALWAYS_SEARCH_USER_PATHS = NO;
				CLANG_ANALYZER_NONNULL = YES;
				CLANG_ANALYZER_NUMBER_OBJECT_CONVERSION = YES_AGGRESSIVE;
				CLANG_CXX_LANGUAGE_STANDARD = "gnu++17";
				CLANG_CXX_LIBRARY = "libc++";
				CLANG_ENABLE_MODULES = YES;
				CLANG_ENABLE_OBJC_ARC = YES;
				CLANG_ENABLE_OBJC_WEAK = YES;
				CLANG_WARN_BLOCK_CAPTURE_AUTORELEASING = YES;
				CLANG_WARN_BOOL_CONVERSION = YES;
				CLANG_WARN_COMMA = YES;
				CLANG_WARN_CONSTANT_CONVERSION = YES;
				CLANG_WARN_DEPRECATED_OBJC_IMPLEMENTATIONS = YES;
				CLANG_WARN_DIRECT_OBJC_ISA_USAGE = YES_ERROR;
				CLANG_WARN_DOCUMENTATION_COMMENTS = YES;
				CLANG_WARN_EMPTY_BODY = YES;
				CLANG_WARN_ENUM_CONVERSION = YES;
				CLANG_WARN_INFINITE_RECURSION = YES;
				CLANG_WARN_INT_CONVERSION = YES;
				CLANG_WARN_NON_LITERAL_NULL_CONVERSION = YES;
				CLANG_WARN_OBJC_IMPLICIT_RETAIN_SELF = YES;
				CLANG_WARN_OBJC_LITERAL_CONVERSION = YES;
				CLANG_WARN_OBJC_ROOT_CLASS = YES_ERROR;
				CLANG_WARN_QUOTED_INCLUDE_IN_FRAMEWORK_HEADER = YES;
				CLANG_WARN_RANGE_LOOP_ANALYSIS = YES;
				CLANG_WARN_STRICT_PROTOTYPES = YES;
				CLANG_WARN_SUSPICIOUS_MOVE = YES;
				CLANG_WARN_UNGUARDED_AVAILABILITY = YES_AGGRESSIVE;
				CLANG_WARN_UNREACHABLE_CODE = YES;
				CLANG_WARN__DUPLICATE_METHOD_MATCH = YES;
				COPY_PHASE_STRIP = NO;
				DEBUG_INFORMATION_FORMAT = "dwarf-with-dsym";
				ENABLE_NS_ASSERTIONS = NO;
				ENABLE_STRICT_OBJC_MSGSEND = YES;
				GCC_C_LANGUAGE_STANDARD = gnu11;
				GCC_NO_COMMON_BLOCKS = YES;
				GCC_WARN_64_TO_32_BIT_CONVERSION = YES;
				GCC_WARN_ABOUT_RETURN_TYPE = YES_ERROR;
				GCC_WARN_UNDECLARED_SELECTOR = YES;
				GCC_WARN_UNINITIALIZED_AUTOS = YES_AGGRESSIVE;
				GCC_WARN_UNUSED_FUNCTION = YES;
				GCC_WARN_UNUSED_VARIABLE = YES;
				IPHONEOS_DEPLOYMENT_TARGET = 15.0;
				MTL_ENABLE_DEBUG_INFO = NO;
				MTL_FAST_MATH = YES;
				SDKROOT = iphoneos;
				SWIFT_COMPILATION_MODE = wholemodule;
				SWIFT_OPTIMIZATION_LEVEL = "-O";
				VALIDATE_PRODUCT = YES;
			};
			name = Release;
		};
		203410BA2823C93A00AC7477 /* Debug */ = {
			isa = XCBuildConfiguration;
			buildSettings = {
				ASSETCATALOG_COMPILER_APPICON_NAME = AppIcon;
				ASSETCATALOG_COMPILER_GLOBAL_ACCENT_COLOR_NAME = AccentColor;
				CODE_SIGN_STYLE = Automatic;
				CURRENT_PROJECT_VERSION = 1;
				DEVELOPMENT_ASSET_PATHS = "\"swiftTodo/Preview Content\"";
				ENABLE_PREVIEWS = YES;
				GENERATE_INFOPLIST_FILE = YES;
				INFOPLIST_KEY_UIApplicationSceneManifest_Generation = YES;
				INFOPLIST_KEY_UIApplicationSupportsIndirectInputEvents = YES;
				INFOPLIST_KEY_UILaunchScreen_Generation = YES;
				INFOPLIST_KEY_UISupportedInterfaceOrientations_iPad = "UIInterfaceOrientationPortrait UIInterfaceOrientationPortraitUpsideDown UIInterfaceOrientationLandscapeLeft UIInterfaceOrientationLandscapeRight";
				INFOPLIST_KEY_UISupportedInterfaceOrientations_iPhone = "UIInterfaceOrientationPortrait UIInterfaceOrientationLandscapeLeft UIInterfaceOrientationLandscapeRight";
				IPHONEOS_DEPLOYMENT_TARGET = 14.0;
				LD_RUNPATH_SEARCH_PATHS = (
					"$(inherited)",
					"@executable_path/Frameworks",
				);
				MARKETING_VERSION = 1.0;
				PRODUCT_BUNDLE_IDENTIFIER = com.mohammedaabid.swiftTodo;
				PRODUCT_NAME = "$(TARGET_NAME)";
				SWIFT_EMIT_LOC_STRINGS = YES;
				SWIFT_VERSION = 5.0;
				TARGETED_DEVICE_FAMILY = "1,2";
			};
			name = Debug;
		};
		203410BB2823C93A00AC7477 /* Release */ = {
			isa = XCBuildConfiguration;
			buildSettings = {
				ASSETCATALOG_COMPILER_APPICON_NAME = AppIcon;
				ASSETCATALOG_COMPILER_GLOBAL_ACCENT_COLOR_NAME = AccentColor;
				CODE_SIGN_STYLE = Automatic;
				CURRENT_PROJECT_VERSION = 1;
				DEVELOPMENT_ASSET_PATHS = "\"swiftTodo/Preview Content\"";
				ENABLE_PREVIEWS = YES;
				GENERATE_INFOPLIST_FILE = YES;
				INFOPLIST_KEY_UIApplicationSceneManifest_Generation = YES;
				INFOPLIST_KEY_UIApplicationSupportsIndirectInputEvents = YES;
				INFOPLIST_KEY_UILaunchScreen_Generation = YES;
				INFOPLIST_KEY_UISupportedInterfaceOrientations_iPad = "UIInterfaceOrientationPortrait UIInterfaceOrientationPortraitUpsideDown UIInterfaceOrientationLandscapeLeft UIInterfaceOrientationLandscapeRight";
				INFOPLIST_KEY_UISupportedInterfaceOrientations_iPhone = "UIInterfaceOrientationPortrait UIInterfaceOrientationLandscapeLeft UIInterfaceOrientationLandscapeRight";
				IPHONEOS_DEPLOYMENT_TARGET = 14.0;
				LD_RUNPATH_SEARCH_PATHS = (
					"$(inherited)",
					"@executable_path/Frameworks",
				);
				MARKETING_VERSION = 1.0;
				PRODUCT_BUNDLE_IDENTIFIER = com.mohammedaabid.swiftTodo;
				PRODUCT_NAME = "$(TARGET_NAME)";
				SWIFT_EMIT_LOC_STRINGS = YES;
				SWIFT_VERSION = 5.0;
				TARGETED_DEVICE_FAMILY = "1,2";
			};
			name = Release;
		};
/* End XCBuildConfiguration section */

/* Begin XCConfigurationList section */
		203410A62823C93900AC7477 /* Build configuration list for PBXProject "swiftTodo" */ = {
			isa = XCConfigurationList;
			buildConfigurations = (
				203410B72823C93A00AC7477 /* Debug */,
				203410B82823C93A00AC7477 /* Release */,
			);
			defaultConfigurationIsVisible = 0;
			defaultConfigurationName = Release;
		};
		203410B92823C93A00AC7477 /* Build configuration list for PBXNativeTarget "swiftTodo" */ = {
			isa = XCConfigurationList;
			buildConfigurations = (
				203410BA2823C93A00AC7477 /* Debug */,
				203410BB2823C93A00AC7477 /* Release */,
			);
			defaultConfigurationIsVisible = 0;
			defaultConfigurationName = Release;
		};
/* End XCConfigurationList section */
	};
	rootObject = 203410A32823C93900AC7477 /* Project object */;
}
